// !$*UTF8*$!
{
	archiveVersion = 1;
	classes = {
	};
	objectVersion = 50;
	objects = {

/* Begin PBXBuildFile section */
		7A2D0669218187A00019411E /* AppDelegate.swift in Sources */ = {isa = PBXBuildFile; fileRef = 7A2D0668218187A00019411E /* AppDelegate.swift */; };
		7A2D066E218187A00019411E /* Main.storyboard in Resources */ = {isa = PBXBuildFile; fileRef = 7A2D066C218187A00019411E /* Main.storyboard */; };
		7A2D0671218187A00019411E /* iMusic.xcdatamodeld in Sources */ = {isa = PBXBuildFile; fileRef = 7A2D066F218187A00019411E /* iMusic.xcdatamodeld */; };
		7A2D0676218187A20019411E /* LaunchScreen.storyboard in Resources */ = {isa = PBXBuildFile; fileRef = 7A2D0674218187A20019411E /* LaunchScreen.storyboard */; };
		7A2D0683218187F60019411E /* PlayViewDelegate.swift in Sources */ = {isa = PBXBuildFile; fileRef = 7A2D067D218187F50019411E /* PlayViewDelegate.swift */; };
		7A2D0684218187F60019411E /* MusicData.swift in Sources */ = {isa = PBXBuildFile; fileRef = 7A2D067E218187F60019411E /* MusicData.swift */; };
		7A2D0685218187F60019411E /* ListPlayView.swift in Sources */ = {isa = PBXBuildFile; fileRef = 7A2D067F218187F60019411E /* ListPlayView.swift */; };
		7A2D0686218187F60019411E /* ViewController.swift in Sources */ = {isa = PBXBuildFile; fileRef = 7A2D0680218187F60019411E /* ViewController.swift */; };
		7A2D0687218187F60019411E /* Player.swift in Sources */ = {isa = PBXBuildFile; fileRef = 7A2D0681218187F60019411E /* Player.swift */; };
		7A2D0688218187F60019411E /* PlayView.swift in Sources */ = {isa = PBXBuildFile; fileRef = 7A2D0682218187F60019411E /* PlayView.swift */; };
		7A2D068B218188350019411E /* Utils.swift in Sources */ = {isa = PBXBuildFile; fileRef = 7A2D068A218188350019411E /* Utils.swift */; };
		7A2D068E218197800019411E /* PlayerDelegate.swift in Sources */ = {isa = PBXBuildFile; fileRef = 7A2D068D218197800019411E /* PlayerDelegate.swift */; };
		7A2D06902181BF340019411E /* Assets.xcassets in Resources */ = {isa = PBXBuildFile; fileRef = 7A2D068F2181BF340019411E /* Assets.xcassets */; };
		7A2D0697218304F70019411E /* MediaCenter.swift in Sources */ = {isa = PBXBuildFile; fileRef = 7A2D0696218304F70019411E /* MediaCenter.swift */; };
		7A2D0699218308270019411E /* MediaCenterDelegate.swift in Sources */ = {isa = PBXBuildFile; fileRef = 7A2D0698218308270019411E /* MediaCenterDelegate.swift */; };
		7A456243219029FE00010C35 /* MainViewController.swift in Sources */ = {isa = PBXBuildFile; fileRef = 7A456242219029FE00010C35 /* MainViewController.swift */; };
		7A4562472192839D00010C35 /* MusicDataSource.swift in Sources */ = {isa = PBXBuildFile; fileRef = 7A4562462192839D00010C35 /* MusicDataSource.swift */; };
		7A456249219286BF00010C35 /* MusicView.swift in Sources */ = {isa = PBXBuildFile; fileRef = 7A456248219286BF00010C35 /* MusicView.swift */; };
		7A45624B2192B34100010C35 /* AudioPlayer.swift in Sources */ = {isa = PBXBuildFile; fileRef = 7A45624A2192B34100010C35 /* AudioPlayer.swift */; };
		7A45624F2192C29F00010C35 /* MusicEntity.swift in Sources */ = {isa = PBXBuildFile; fileRef = 7A45624E2192C29F00010C35 /* MusicEntity.swift */; };
/* End PBXBuildFile section */

/* Begin PBXCopyFilesBuildPhase section */
		7A3633882186DEED00FA314C /* Embed App Extensions */ = {
			isa = PBXCopyFilesBuildPhase;
			buildActionMask = 12;
			dstPath = "";
			dstSubfolderSpec = 13;
			files = (
			);
			name = "Embed App Extensions";
			runOnlyForDeploymentPostprocessing = 0;
		};
/* End PBXCopyFilesBuildPhase section */

/* Begin PBXFileReference section */
		7A2D0665218187A00019411E /* iMusic.app */ = {isa = PBXFileReference; explicitFileType = wrapper.application; includeInIndex = 0; path = iMusic.app; sourceTree = BUILT_PRODUCTS_DIR; };
		7A2D0668218187A00019411E /* AppDelegate.swift */ = {isa = PBXFileReference; lastKnownFileType = sourcecode.swift; path = AppDelegate.swift; sourceTree = "<group>"; };
		7A2D066D218187A00019411E /* Base */ = {isa = PBXFileReference; lastKnownFileType = file.storyboard; name = Base; path = Base.lproj/Main.storyboard; sourceTree = "<group>"; };
		7A2D0670218187A00019411E /* iMusic.xcdatamodel */ = {isa = PBXFileReference; lastKnownFileType = wrapper.xcdatamodel; path = iMusic.xcdatamodel; sourceTree = "<group>"; };
		7A2D0675218187A20019411E /* Base */ = {isa = PBXFileReference; lastKnownFileType = file.storyboard; name = Base; path = Base.lproj/LaunchScreen.storyboard; sourceTree = "<group>"; };
		7A2D0677218187A20019411E /* Info.plist */ = {isa = PBXFileReference; lastKnownFileType = text.plist.xml; path = Info.plist; sourceTree = "<group>"; };
		7A2D067D218187F50019411E /* PlayViewDelegate.swift */ = {isa = PBXFileReference; fileEncoding = 4; lastKnownFileType = sourcecode.swift; path = PlayViewDelegate.swift; sourceTree = "<group>"; };
		7A2D067E218187F60019411E /* MusicData.swift */ = {isa = PBXFileReference; fileEncoding = 4; lastKnownFileType = sourcecode.swift; path = MusicData.swift; sourceTree = "<group>"; };
		7A2D067F218187F60019411E /* ListPlayView.swift */ = {isa = PBXFileReference; fileEncoding = 4; lastKnownFileType = sourcecode.swift; path = ListPlayView.swift; sourceTree = "<group>"; };
		7A2D0680218187F60019411E /* ViewController.swift */ = {isa = PBXFileReference; fileEncoding = 4; lastKnownFileType = sourcecode.swift; path = ViewController.swift; sourceTree = "<group>"; };
		7A2D0681218187F60019411E /* Player.swift */ = {isa = PBXFileReference; fileEncoding = 4; lastKnownFileType = sourcecode.swift; path = Player.swift; sourceTree = "<group>"; };
		7A2D0682218187F60019411E /* PlayView.swift */ = {isa = PBXFileReference; fileEncoding = 4; lastKnownFileType = sourcecode.swift; path = PlayView.swift; sourceTree = "<group>"; };
		7A2D068A218188350019411E /* Utils.swift */ = {isa = PBXFileReference; fileEncoding = 4; lastKnownFileType = sourcecode.swift; path = Utils.swift; sourceTree = "<group>"; };
		7A2D068D218197800019411E /* PlayerDelegate.swift */ = {isa = PBXFileReference; lastKnownFileType = sourcecode.swift; path = PlayerDelegate.swift; sourceTree = "<group>"; };
		7A2D068F2181BF340019411E /* Assets.xcassets */ = {isa = PBXFileReference; lastKnownFileType = folder.assetcatalog; path = Assets.xcassets; sourceTree = "<group>"; };
		7A2D0696218304F70019411E /* MediaCenter.swift */ = {isa = PBXFileReference; lastKnownFileType = sourcecode.swift; path = MediaCenter.swift; sourceTree = "<group>"; };
		7A2D0698218308270019411E /* MediaCenterDelegate.swift */ = {isa = PBXFileReference; lastKnownFileType = sourcecode.swift; path = MediaCenterDelegate.swift; sourceTree = "<group>"; };
		7A456242219029FE00010C35 /* MainViewController.swift */ = {isa = PBXFileReference; lastKnownFileType = sourcecode.swift; path = MainViewController.swift; sourceTree = "<group>"; };
		7A4562462192839D00010C35 /* MusicDataSource.swift */ = {isa = PBXFileReference; lastKnownFileType = sourcecode.swift; path = MusicDataSource.swift; sourceTree = "<group>"; };
		7A456248219286BF00010C35 /* MusicView.swift */ = {isa = PBXFileReference; lastKnownFileType = sourcecode.swift; path = MusicView.swift; sourceTree = "<group>"; };
		7A45624A2192B34100010C35 /* AudioPlayer.swift */ = {isa = PBXFileReference; lastKnownFileType = sourcecode.swift; path = AudioPlayer.swift; sourceTree = "<group>"; };
		7A45624E2192C29F00010C35 /* MusicEntity.swift */ = {isa = PBXFileReference; lastKnownFileType = sourcecode.swift; path = MusicEntity.swift; sourceTree = "<group>"; };
/* End PBXFileReference section */

/* Begin PBXFrameworksBuildPhase section */
		7A2D0662218187A00019411E /* Frameworks */ = {
			isa = PBXFrameworksBuildPhase;
			buildActionMask = 2147483647;
			files = (
			);
			runOnlyForDeploymentPostprocessing = 0;
		};
/* End PBXFrameworksBuildPhase section */

/* Begin PBXGroup section */
		7A2D065C218187A00019411E = {
			isa = PBXGroup;
			children = (
				7A2D0667218187A00019411E /* iMusic */,
				7A2D0666218187A00019411E /* Products */,
			);
			sourceTree = "<group>";
		};
		7A2D0666218187A00019411E /* Products */ = {
			isa = PBXGroup;
			children = (
				7A2D0665218187A00019411E /* iMusic.app */,
			);
			name = Products;
			sourceTree = "<group>";
		};
		7A2D0667218187A00019411E /* iMusic */ = {
			isa = PBXGroup;
			children = (
				7A456242219029FE00010C35 /* MainViewController.swift */,
				7A2D0668218187A00019411E /* AppDelegate.swift */,
				7A2D0680218187F60019411E /* ViewController.swift */,
				7A2D0689218188090019411E /* player */,
				7A2D068C218188380019411E /* utils */,
				7A2D068F2181BF340019411E /* Assets.xcassets */,
				7A2D0677218187A20019411E /* Info.plist */,
				7A2D066C218187A00019411E /* Main.storyboard */,
				7A2D0674218187A20019411E /* LaunchScreen.storyboard */,
				7A2D066F218187A00019411E /* iMusic.xcdatamodeld */,
			);
			path = iMusic;
			sourceTree = "<group>";
		};
		7A2D0689218188090019411E /* player */ = {
			isa = PBXGroup;
			children = (
				7A2D0681218187F60019411E /* Player.swift */,
				7A45624A2192B34100010C35 /* AudioPlayer.swift */,
				7A2D0696218304F70019411E /* MediaCenter.swift */,
				7A2D06932182EC5A0019411E /* view */,
				7A2D06942182EC7B0019411E /* entity */,
				7A2D06922182EC400019411E /* delegate */,
			);
			path = player;
			sourceTree = "<group>";
		};
		7A2D068C218188380019411E /* utils */ = {
			isa = PBXGroup;
			children = (
				7A2D068A218188350019411E /* Utils.swift */,
			);
			path = utils;
			sourceTree = "<group>";
		};
		7A2D06922182EC400019411E /* delegate */ = {
			isa = PBXGroup;
			children = (
				7A2D067D218187F50019411E /* PlayViewDelegate.swift */,
				7A2D068D218197800019411E /* PlayerDelegate.swift */,
				7A2D0698218308270019411E /* MediaCenterDelegate.swift */,
			);
			path = delegate;
			sourceTree = "<group>";
		};
		7A2D06932182EC5A0019411E /* view */ = {
			isa = PBXGroup;
			children = (
				7A2D0682218187F60019411E /* PlayView.swift */,
				7A2D067F218187F60019411E /* ListPlayView.swift */,
			);
			path = view;
			sourceTree = "<group>";
		};
		7A2D06942182EC7B0019411E /* entity */ = {
			isa = PBXGroup;
			children = (
				7A45624D2192BA5600010C35 /* view */,
				7A45624C2192BA4300010C35 /* data */,
				7A4562462192839D00010C35 /* MusicDataSource.swift */,
				7A45624E2192C29F00010C35 /* MusicEntity.swift */,
			);
			path = entity;
			sourceTree = "<group>";
		};
		7A45624C2192BA4300010C35 /* data */ = {
			isa = PBXGroup;
			children = (
				7A2D067E218187F60019411E /* MusicData.swift */,
			);
			path = data;
			sourceTree = "<group>";
		};
		7A45624D2192BA5600010C35 /* view */ = {
			isa = PBXGroup;
			children = (
				7A456248219286BF00010C35 /* MusicView.swift */,
			);
			path = view;
			sourceTree = "<group>";
		};
/* End PBXGroup section */

/* Begin PBXNativeTarget section */
		7A2D0664218187A00019411E /* iMusic */ = {
			isa = PBXNativeTarget;
			buildConfigurationList = 7A2D067A218187A20019411E /* Build configuration list for PBXNativeTarget "iMusic" */;
			buildPhases = (
				7A2D0661218187A00019411E /* Sources */,
				7A2D0662218187A00019411E /* Frameworks */,
				7A2D0663218187A00019411E /* Resources */,
				7A3633882186DEED00FA314C /* Embed App Extensions */,
			);
			buildRules = (
			);
			dependencies = (
			);
			name = iMusic;
			productName = iMusic;
			productReference = 7A2D0665218187A00019411E /* iMusic.app */;
			productType = "com.apple.product-type.application";
		};
/* End PBXNativeTarget section */

/* Begin PBXProject section */
		7A2D065D218187A00019411E /* Project object */ = {
			isa = PBXProject;
			attributes = {
				LastSwiftUpdateCheck = 1000;
				LastUpgradeCheck = 1000;
				ORGANIZATIONNAME = swift;
				TargetAttributes = {
					7A2D0664218187A00019411E = {
						CreatedOnToolsVersion = 10.0;
						SystemCapabilities = {
							com.apple.ApplicationGroups.iOS = {
								enabled = 0;
							};
							com.apple.BackgroundModes = {
								enabled = 1;
							};
						};
					};
				};
			};
			buildConfigurationList = 7A2D0660218187A00019411E /* Build configuration list for PBXProject "iMusic" */;
			compatibilityVersion = "Xcode 9.3";
			developmentRegion = en;
			hasScannedForEncodings = 0;
			knownRegions = (
				en,
				Base,
			);
			mainGroup = 7A2D065C218187A00019411E;
			productRefGroup = 7A2D0666218187A00019411E /* Products */;
			projectDirPath = "";
			projectRoot = "";
			targets = (
				7A2D0664218187A00019411E /* iMusic */,
			);
		};
/* End PBXProject section */

/* Begin PBXResourcesBuildPhase section */
		7A2D0663218187A00019411E /* Resources */ = {
			isa = PBXResourcesBuildPhase;
			buildActionMask = 2147483647;
			files = (
				7A2D0676218187A20019411E /* LaunchScreen.storyboard in Resources */,
				7A2D06902181BF340019411E /* Assets.xcassets in Resources */,
				7A2D066E218187A00019411E /* Main.storyboard in Resources */,
			);
			runOnlyForDeploymentPostprocessing = 0;
		};
/* End PBXResourcesBuildPhase section */

/* Begin PBXSourcesBuildPhase section */
		7A2D0661218187A00019411E /* Sources */ = {
			isa = PBXSourcesBuildPhase;
			buildActionMask = 2147483647;
			files = (
				7A2D0697218304F70019411E /* MediaCenter.swift in Sources */,
				7A456243219029FE00010C35 /* MainViewController.swift in Sources */,
				7A2D0683218187F60019411E /* PlayViewDelegate.swift in Sources */,
				7A2D0671218187A00019411E /* iMusic.xcdatamodeld in Sources */,
				7A4562472192839D00010C35 /* MusicDataSource.swift in Sources */,
				7A2D0686218187F60019411E /* ViewController.swift in Sources */,
				7A45624F2192C29F00010C35 /* MusicEntity.swift in Sources */,
				7A2D0699218308270019411E /* MediaCenterDelegate.swift in Sources */,
				7A2D068E218197800019411E /* PlayerDelegate.swift in Sources */,
				7A2D0687218187F60019411E /* Player.swift in Sources */,
				7A2D068B218188350019411E /* Utils.swift in Sources */,
				7A456249219286BF00010C35 /* MusicView.swift in Sources */,
				7A45624B2192B34100010C35 /* AudioPlayer.swift in Sources */,
				7A2D0684218187F60019411E /* MusicData.swift in Sources */,
				7A2D0688218187F60019411E /* PlayView.swift in Sources */,
				7A2D0685218187F60019411E /* ListPlayView.swift in Sources */,
				7A2D0669218187A00019411E /* AppDelegate.swift in Sources */,
			);
			runOnlyForDeploymentPostprocessing = 0;
		};
/* End PBXSourcesBuildPhase section */

/* Begin PBXVariantGroup section */
		7A2D066C218187A00019411E /* Main.storyboard */ = {
			isa = PBXVariantGroup;
			children = (
				7A2D066D218187A00019411E /* Base */,
			);
			name = Main.storyboard;
			sourceTree = "<group>";
		};
		7A2D0674218187A20019411E /* LaunchScreen.storyboard */ = {
			isa = PBXVariantGroup;
			children = (
				7A2D0675218187A20019411E /* Base */,
			);
			name = LaunchScreen.storyboard;
			sourceTree = "<group>";
		};
/* End PBXVariantGroup section */

/* Begin XCBuildConfiguration section */
		7A2D0678218187A20019411E /* Debug */ = {
			isa = XCBuildConfiguration;
			buildSettings = {
				ALWAYS_SEARCH_USER_PATHS = NO;
				CLANG_ANALYZER_NONNULL = YES;
				CLANG_ANALYZER_NUMBER_OBJECT_CONVERSION = YES_AGGRESSIVE;
				CLANG_CXX_LANGUAGE_STANDARD = "gnu++14";
				CLANG_CXX_LIBRARY = "libc++";
				CLANG_ENABLE_MODULES = YES;
				CLANG_ENABLE_OBJC_ARC = YES;
				CLANG_ENABLE_OBJC_WEAK = YES;
				CLANG_WARN_BLOCK_CAPTURE_AUTORELEASING = YES;
				CLANG_WARN_BOOL_CONVERSION = YES;
				CLANG_WARN_COMMA = YES;
				CLANG_WARN_CONSTANT_CONVERSION = YES;
				CLANG_WARN_DEPRECATED_OBJC_IMPLEMENTATIONS = YES;
				CLANG_WARN_DIRECT_OBJC_ISA_USAGE = YES_ERROR;
				CLANG_WARN_DOCUMENTATION_COMMENTS = YES;
				CLANG_WARN_EMPTY_BODY = YES;
				CLANG_WARN_ENUM_CONVERSION = YES;
				CLANG_WARN_INFINITE_RECURSION = YES;
				CLANG_WARN_INT_CONVERSION = YES;
				CLANG_WARN_NON_LITERAL_NULL_CONVERSION = YES;
				CLANG_WARN_OBJC_IMPLICIT_RETAIN_SELF = YES;
				CLANG_WARN_OBJC_LITERAL_CONVERSION = YES;
				CLANG_WARN_OBJC_ROOT_CLASS = YES_ERROR;
				CLANG_WARN_RANGE_LOOP_ANALYSIS = YES;
				CLANG_WARN_STRICT_PROTOTYPES = YES;
				CLANG_WARN_SUSPICIOUS_MOVE = YES;
				CLANG_WARN_UNGUARDED_AVAILABILITY = YES_AGGRESSIVE;
				CLANG_WARN_UNREACHABLE_CODE = YES;
				CLANG_WARN__DUPLICATE_METHOD_MATCH = YES;
				CODE_SIGN_IDENTITY = "iPhone Developer";
				COPY_PHASE_STRIP = NO;
				DEBUG_INFORMATION_FORMAT = dwarf;
				ENABLE_STRICT_OBJC_MSGSEND = YES;
				ENABLE_TESTABILITY = YES;
				GCC_C_LANGUAGE_STANDARD = gnu11;
				GCC_DYNAMIC_NO_PIC = NO;
				GCC_NO_COMMON_BLOCKS = YES;
				GCC_OPTIMIZATION_LEVEL = 0;
				GCC_PREPROCESSOR_DEFINITIONS = (
					"DEBUG=1",
					"$(inherited)",
				);
				GCC_WARN_64_TO_32_BIT_CONVERSION = YES;
				GCC_WARN_ABOUT_RETURN_TYPE = YES_ERROR;
				GCC_WARN_UNDECLARED_SELECTOR = YES;
				GCC_WARN_UNINITIALIZED_AUTOS = YES_AGGRESSIVE;
				GCC_WARN_UNUSED_FUNCTION = YES;
				GCC_WARN_UNUSED_VARIABLE = YES;
				IPHONEOS_DEPLOYMENT_TARGET = 12.0;
				MTL_ENABLE_DEBUG_INFO = INCLUDE_SOURCE;
				MTL_FAST_MATH = YES;
				ONLY_ACTIVE_ARCH = YES;
				SDKROOT = iphoneos;
				SWIFT_ACTIVE_COMPILATION_CONDITIONS = DEBUG;
				SWIFT_OPTIMIZATION_LEVEL = "-Onone";
			};
			name = Debug;
		};
		7A2D0679218187A20019411E /* Release */ = {
			isa = XCBuildConfiguration;
			buildSettings = {
				ALWAYS_SEARCH_USER_PATHS = NO;
				CLANG_ANALYZER_NONNULL = YES;
				CLANG_ANALYZER_NUMBER_OBJECT_CONVERSION = YES_AGGRESSIVE;
				CLANG_CXX_LANGUAGE_STANDARD = "gnu++14";
				CLANG_CXX_LIBRARY = "libc++";
				CLANG_ENABLE_MODULES = YES;
				CLANG_ENABLE_OBJC_ARC = YES;
				CLANG_ENABLE_OBJC_WEAK = YES;
				CLANG_WARN_BLOCK_CAPTURE_AUTORELEASING = YES;
				CLANG_WARN_BOOL_CONVERSION = YES;
				CLANG_WARN_COMMA = YES;
				CLANG_WARN_CONSTANT_CONVERSION = YES;
				CLANG_WARN_DEPRECATED_OBJC_IMPLEMENTATIONS = YES;
				CLANG_WARN_DIRECT_OBJC_ISA_USAGE = YES_ERROR;
				CLANG_WARN_DOCUMENTATION_COMMENTS = YES;
				CLANG_WARN_EMPTY_BODY = YES;
				CLANG_WARN_ENUM_CONVERSION = YES;
				CLANG_WARN_INFINITE_RECURSION = YES;
				CLANG_WARN_INT_CONVERSION = YES;
				CLANG_WARN_NON_LITERAL_NULL_CONVERSION = YES;
				CLANG_WARN_OBJC_IMPLICIT_RETAIN_SELF = YES;
				CLANG_WARN_OBJC_LITERAL_CONVERSION = YES;
				CLANG_WARN_OBJC_ROOT_CLASS = YES_ERROR;
				CLANG_WARN_RANGE_LOOP_ANALYSIS = YES;
				CLANG_WARN_STRICT_PROTOTYPES = YES;
				CLANG_WARN_SUSPICIOUS_MOVE = YES;
				CLANG_WARN_UNGUARDED_AVAILABILITY = YES_AGGRESSIVE;
				CLANG_WARN_UNREACHABLE_CODE = YES;
				CLANG_WARN__DUPLICATE_METHOD_MATCH = YES;
				CODE_SIGN_IDENTITY = "iPhone Developer";
				COPY_PHASE_STRIP = NO;
				DEBUG_INFORMATION_FORMAT = "dwarf-with-dsym";
				ENABLE_NS_ASSERTIONS = NO;
				ENABLE_STRICT_OBJC_MSGSEND = YES;
				GCC_C_LANGUAGE_STANDARD = gnu11;
				GCC_NO_COMMON_BLOCKS = YES;
				GCC_WARN_64_TO_32_BIT_CONVERSION = YES;
				GCC_WARN_ABOUT_RETURN_TYPE = YES_ERROR;
				GCC_WARN_UNDECLARED_SELECTOR = YES;
				GCC_WARN_UNINITIALIZED_AUTOS = YES_AGGRESSIVE;
				GCC_WARN_UNUSED_FUNCTION = YES;
				GCC_WARN_UNUSED_VARIABLE = YES;
				IPHONEOS_DEPLOYMENT_TARGET = 12.0;
				MTL_ENABLE_DEBUG_INFO = NO;
				MTL_FAST_MATH = YES;
				SDKROOT = iphoneos;
				SWIFT_COMPILATION_MODE = wholemodule;
				SWIFT_OPTIMIZATION_LEVEL = "-O";
				VALIDATE_PRODUCT = YES;
			};
			name = Release;
		};
		7A2D067B218187A20019411E /* Debug */ = {
			isa = XCBuildConfiguration;
			buildSettings = {
				ASSETCATALOG_COMPILER_APPICON_NAME = AppIcon;
				CODE_SIGN_STYLE = Automatic;
				DEVELOPMENT_TEAM = B9JSTUGQUF;
				INFOPLIST_FILE = iMusic/Info.plist;
				LD_RUNPATH_SEARCH_PATHS = (
					"$(inherited)",
					"@executable_path/Frameworks",
				);
				PRODUCT_BUNDLE_IDENTIFIER = com.ichochy.iMusic;
				PRODUCT_NAME = "$(TARGET_NAME)";
				SWIFT_VERSION = 4.2;
				TARGETED_DEVICE_FAMILY = 1;
			};
			name = Debug;
		};
		7A2D067C218187A20019411E /* Release */ = {
			isa = XCBuildConfiguration;
			buildSettings = {
				ASSETCATALOG_COMPILER_APPICON_NAME = AppIcon;
				CODE_SIGN_STYLE = Automatic;
				DEVELOPMENT_TEAM = B9JSTUGQUF;
				INFOPLIST_FILE = iMusic/Info.plist;
				LD_RUNPATH_SEARCH_PATHS = (
					"$(inherited)",
					"@executable_path/Frameworks",
				);
				PRODUCT_BUNDLE_IDENTIFIER = com.ichochy.iMusic;
				PRODUCT_NAME = "$(TARGET_NAME)";
				SWIFT_VERSION = 4.2;
				TARGETED_DEVICE_FAMILY = 1;
			};
			name = Release;
		};
/* End XCBuildConfiguration section */

/* Begin XCConfigurationList section */
		7A2D0660218187A00019411E /* Build configuration list for PBXProject "iMusic" */ = {
			isa = XCConfigurationList;
			buildConfigurations = (
				7A2D0678218187A20019411E /* Debug */,
				7A2D0679218187A20019411E /* Release */,
			);
			defaultConfigurationIsVisible = 0;
			defaultConfigurationName = Debug;
		};
		7A2D067A218187A20019411E /* Build configuration list for PBXNativeTarget "iMusic" */ = {
			isa = XCConfigurationList;
			buildConfigurations = (
				7A2D067B218187A20019411E /* Debug */,
				7A2D067C218187A20019411E /* Release */,
			);
			defaultConfigurationIsVisible = 0;
			defaultConfigurationName = Debug;
		};
/* End XCConfigurationList section */

/* Begin XCVersionGroup section */
		7A2D066F218187A00019411E /* iMusic.xcdatamodeld */ = {
			isa = XCVersionGroup;
			children = (
				7A2D0670218187A00019411E /* iMusic.xcdatamodel */,
			);
			currentVersion = 7A2D0670218187A00019411E /* iMusic.xcdatamodel */;
			path = iMusic.xcdatamodeld;
			sourceTree = "<group>";
			versionGroupType = wrapper.xcdatamodel;
		};
/* End XCVersionGroup section */
	};
	rootObject = 7A2D065D218187A00019411E /* Project object */;
}
